
Microsoft Visual Studio Solution File, Format Version 12.00
# Visual Studio Version 17
VisualStudioVersion = 17.2.32526.322
MinimumVisualStudioVersion = 10.0.40219.1
Project("{9A19103F-16F7-4668-BE54-9A1E7A4F7556}") = "OFXNet", "OFXNet\OFXNet.csproj", "{CA619AF5-FC47-4C22-B73C-30781EAF82FC}"
EndProject
Project("{9A19103F-16F7-4668-BE54-9A1E7A4F7556}") = "OFXNet.Tests", "OFXNet.Tests\OFXNet.Tests.csproj", "{05DA1FF0-C17C-4875-9A78-F1628027715D}"
EndProject
Project("{2150E333-8FDC-42A3-9474-1A3956D46DE8}") = "SolutionItems", "SolutionItems", "{FCF9C61F-9F49-4356-AEE0-4F8E0333B42C}"
	ProjectSection(SolutionItems) = preProject
		.gitignore = .gitignore
		.github\workflows\dotnet.yml = .github\workflows\dotnet.yml
		README.md = README.md
	EndProjectSection
EndProject
Global
	GlobalSection(SolutionConfigurationPlatforms) = preSolution
		Debug|Any CPU = Debug|Any CPU
		Release|Any CPU = Release|Any CPU
	EndGlobalSection
	GlobalSection(ProjectConfigurationPlatforms) = postSolution
		{CA619AF5-FC47-4C22-B73C-30781EAF82FC}.Debug|Any CPU.ActiveCfg = Debug|Any CPU
		{CA619AF5-FC47-4C22-B73C-30781EAF82FC}.Debug|Any CPU.Build.0 = Debug|Any CPU
		{CA619AF5-FC47-4C22-B73C-30781EAF82FC}.Release|Any CPU.ActiveCfg = Release|Any CPU
		{CA619AF5-FC47-4C22-B73C-30781EAF82FC}.Release|Any CPU.Build.0 = Release|Any CPU
		{05DA1FF0-C17C-4875-9A78-F1628027715D}.Debug|Any CPU.ActiveCfg = Debug|Any CPU
		{05DA1FF0-C17C-4875-9A78-F1628027715D}.Debug|Any CPU.Build.0 = Debug|Any CPU
		{05DA1FF0-C17C-4875-9A78-F1628027715D}.Release|Any CPU.ActiveCfg = Release|Any CPU
		{05DA1FF0-C17C-4875-9A78-F1628027715D}.Release|Any CPU.Build.0 = Release|Any CPU
	EndGlobalSection
	GlobalSection(SolutionProperties) = preSolution
		HideSolutionNode = FALSE
	EndGlobalSection
	GlobalSection(ExtensibilityGlobals) = postSolution
		SolutionGuid = {9C32C3A7-E11D-4F62-9A73-726EBECF2F4E}
	EndGlobalSection
EndGlobal
